// !$*UTF8*$!
{
	archiveVersion = 1;
	classes = {
	};
	objectVersion = 56;
	objects = {

/* Begin PBXBuildFile section */
		4B4F5B4629253AAC00216787 /* AR_SYSTEMApp.swift in Sources */ = {isa = PBXBuildFile; fileRef = 4B4F5B4529253AAC00216787 /* AR_SYSTEMApp.swift */; };
		4B4F5B4829253AAC00216787 /* ContentView.swift in Sources */ = {isa = PBXBuildFile; fileRef = 4B4F5B4729253AAC00216787 /* ContentView.swift */; };
		4B4F5B4A29253AAC00216787 /* Assets.xcassets in Resources */ = {isa = PBXBuildFile; fileRef = 4B4F5B4929253AAC00216787 /* Assets.xcassets */; };
		4B4F5B4D29253AAC00216787 /* Preview Assets.xcassets in Resources */ = {isa = PBXBuildFile; fileRef = 4B4F5B4C29253AAC00216787 /* Preview Assets.xcassets */; };
		4B4F5B5429253AD500216787 /* CardView.swift in Sources */ = {isa = PBXBuildFile; fileRef = 4B4F5B5329253AD500216787 /* CardView.swift */; };
		4B4F5B58292598CD00216787 /* PremiumView.swift in Sources */ = {isa = PBXBuildFile; fileRef = 4B4F5B57292598CD00216787 /* PremiumView.swift */; };
		4B4F5B5A2925998E00216787 /* SingleCardView.swift in Sources */ = {isa = PBXBuildFile; fileRef = 4B4F5B592925998E00216787 /* SingleCardView.swift */; };
		4B4F5B5C29259CB700216787 /* DetailView.swift in Sources */ = {isa = PBXBuildFile; fileRef = 4B4F5B5B29259CB700216787 /* DetailView.swift */; };
		4B5E88B5292E6B9E00E39BB2 /* Brain.scn in Resources */ = {isa = PBXBuildFile; fileRef = 4B5E88B4292E6B9E00E39BB2 /* Brain.scn */; };
		4B68774329771F6C005A0D28 /* IpadCarouselView.swift in Sources */ = {isa = PBXBuildFile; fileRef = 4B68774229771F6C005A0D28 /* IpadCarouselView.swift */; };
		4B68774529773495005A0D28 /* Model.swift in Sources */ = {isa = PBXBuildFile; fileRef = 4B68774429773495005A0D28 /* Model.swift */; };
		4BD48E9C29268E6900A0971D /* CarouselView.swift in Sources */ = {isa = PBXBuildFile; fileRef = 4BD48E9B29268E6900A0971D /* CarouselView.swift */; };
		4BDD3DC6292BCD23001735BA /* CustomSceneView.swift in Sources */ = {isa = PBXBuildFile; fileRef = 4BDD3DC5292BCD23001735BA /* CustomSceneView.swift */; };
		4BDD3DC8292BCE1F001735BA /* Heart.scn in Resources */ = {isa = PBXBuildFile; fileRef = 4BDD3DC7292BCE1F001735BA /* Heart.scn */; };
		4BDD3DCC292CE8C3001735BA /* AR_View.swift in Sources */ = {isa = PBXBuildFile; fileRef = 4BDD3DCB292CE8C3001735BA /* AR_View.swift */; };
		4BDD3DD0292CF321001735BA /* Lungs.scn in Resources */ = {isa = PBXBuildFile; fileRef = 4BDD3DCF292CF321001735BA /* Lungs.scn */; };
/* End PBXBuildFile section */

/* Begin PBXFileReference section */
		4B4F5B4229253AAC00216787 /* AR SYSTEM.app */ = {isa = PBXFileReference; explicitFileType = wrapper.application; includeInIndex = 0; path = "AR SYSTEM.app"; sourceTree = BUILT_PRODUCTS_DIR; };
		4B4F5B4529253AAC00216787 /* AR_SYSTEMApp.swift */ = {isa = PBXFileReference; lastKnownFileType = sourcecode.swift; path = AR_SYSTEMApp.swift; sourceTree = "<group>"; };
		4B4F5B4729253AAC00216787 /* ContentView.swift */ = {isa = PBXFileReference; lastKnownFileType = sourcecode.swift; path = ContentView.swift; sourceTree = "<group>"; };
		4B4F5B4929253AAC00216787 /* Assets.xcassets */ = {isa = PBXFileReference; lastKnownFileType = folder.assetcatalog; path = Assets.xcassets; sourceTree = "<group>"; };
		4B4F5B4C29253AAC00216787 /* Preview Assets.xcassets */ = {isa = PBXFileReference; lastKnownFileType = folder.assetcatalog; path = "Preview Assets.xcassets"; sourceTree = "<group>"; };
		4B4F5B5329253AD500216787 /* CardView.swift */ = {isa = PBXFileReference; lastKnownFileType = sourcecode.swift; path = CardView.swift; sourceTree = "<group>"; };
		4B4F5B57292598CD00216787 /* PremiumView.swift */ = {isa = PBXFileReference; lastKnownFileType = sourcecode.swift; path = PremiumView.swift; sourceTree = "<group>"; };
		4B4F5B592925998E00216787 /* SingleCardView.swift */ = {isa = PBXFileReference; lastKnownFileType = sourcecode.swift; path = SingleCardView.swift; sourceTree = "<group>"; };
		4B4F5B5B29259CB700216787 /* DetailView.swift */ = {isa = PBXFileReference; lastKnownFileType = sourcecode.swift; path = DetailView.swift; sourceTree = "<group>"; };
		4B5E88B4292E6B9E00E39BB2 /* Brain.scn */ = {isa = PBXFileReference; lastKnownFileType = file.bplist; path = Brain.scn; sourceTree = "<group>"; };
		4B68774229771F6C005A0D28 /* IpadCarouselView.swift */ = {isa = PBXFileReference; lastKnownFileType = sourcecode.swift; path = IpadCarouselView.swift; sourceTree = "<group>"; };
		4B68774429773495005A0D28 /* Model.swift */ = {isa = PBXFileReference; lastKnownFileType = sourcecode.swift; path = Model.swift; sourceTree = "<group>"; };
		4BD48E9B29268E6900A0971D /* CarouselView.swift */ = {isa = PBXFileReference; lastKnownFileType = sourcecode.swift; path = CarouselView.swift; sourceTree = "<group>"; };
		4BDD3DC5292BCD23001735BA /* CustomSceneView.swift */ = {isa = PBXFileReference; lastKnownFileType = sourcecode.swift; path = CustomSceneView.swift; sourceTree = "<group>"; };
		4BDD3DC7292BCE1F001735BA /* Heart.scn */ = {isa = PBXFileReference; lastKnownFileType = file.bplist; path = Heart.scn; sourceTree = "<group>"; };
		4BDD3DCB292CE8C3001735BA /* AR_View.swift */ = {isa = PBXFileReference; lastKnownFileType = sourcecode.swift; path = AR_View.swift; sourceTree = "<group>"; };
		4BDD3DCF292CF321001735BA /* Lungs.scn */ = {isa = PBXFileReference; lastKnownFileType = file.bplist; path = Lungs.scn; sourceTree = "<group>"; };
/* End PBXFileReference section */

/* Begin PBXFrameworksBuildPhase section */
		4B4F5B3F29253AAC00216787 /* Frameworks */ = {
			isa = PBXFrameworksBuildPhase;
			buildActionMask = 2147483647;
			files = (
			);
			runOnlyForDeploymentPostprocessing = 0;
		};
/* End PBXFrameworksBuildPhase section */

/* Begin PBXGroup section */
		4B4F5B3929253AAC00216787 = {
			isa = PBXGroup;
			children = (
				4B68774429773495005A0D28 /* Model.swift */,
				4BDD3DCF292CF321001735BA /* Lungs.scn */,
				4B5E88B4292E6B9E00E39BB2 /* Brain.scn */,
				4BDD3DC7292BCE1F001735BA /* Heart.scn */,
				4B4F5B4429253AAC00216787 /* AR SYSTEM */,
				4B4F5B4329253AAC00216787 /* Products */,
			);
			sourceTree = "<group>";
		};
		4B4F5B4329253AAC00216787 /* Products */ = {
			isa = PBXGroup;
			children = (
				4B4F5B4229253AAC00216787 /* AR SYSTEM.app */,
			);
			name = Products;
			sourceTree = "<group>";
		};
		4B4F5B4429253AAC00216787 /* AR SYSTEM */ = {
			isa = PBXGroup;
			children = (
				4B68774229771F6C005A0D28 /* IpadCarouselView.swift */,
				4B4F5B4529253AAC00216787 /* AR_SYSTEMApp.swift */,
				4BDD3DCB292CE8C3001735BA /* AR_View.swift */,
				4BDD3DC5292BCD23001735BA /* CustomSceneView.swift */,
				4B4F5B4729253AAC00216787 /* ContentView.swift */,
				4B4F5B57292598CD00216787 /* PremiumView.swift */,
				4B4F5B5329253AD500216787 /* CardView.swift */,
				4B4F5B592925998E00216787 /* SingleCardView.swift */,
				4B4F5B5B29259CB700216787 /* DetailView.swift */,
				4BD48E9B29268E6900A0971D /* CarouselView.swift */,
				4B4F5B4929253AAC00216787 /* Assets.xcassets */,
				4B4F5B4B29253AAC00216787 /* Preview Content */,
			);
			path = "AR SYSTEM";
			sourceTree = "<group>";
		};
		4B4F5B4B29253AAC00216787 /* Preview Content */ = {
			isa = PBXGroup;
			children = (
				4B4F5B4C29253AAC00216787 /* Preview Assets.xcassets */,
			);
			path = "Preview Content";
			sourceTree = "<group>";
		};
/* End PBXGroup section */

/* Begin PBXNativeTarget section */
		4B4F5B4129253AAC00216787 /* AR SYSTEM */ = {
			isa = PBXNativeTarget;
			buildConfigurationList = 4B4F5B5029253AAC00216787 /* Build configuration list for PBXNativeTarget "AR SYSTEM" */;
			buildPhases = (
				4B4F5B3E29253AAC00216787 /* Sources */,
				4B4F5B3F29253AAC00216787 /* Frameworks */,
				4B4F5B4029253AAC00216787 /* Resources */,
			);
			buildRules = (
			);
			dependencies = (
			);
			name = "AR SYSTEM";
			productName = "AR SYSTEM";
			productReference = 4B4F5B4229253AAC00216787 /* AR SYSTEM.app */;
			productType = "com.apple.product-type.application";
		};
/* End PBXNativeTarget section */

/* Begin PBXProject section */
		4B4F5B3A29253AAC00216787 /* Project object */ = {
			isa = PBXProject;
			attributes = {
				BuildIndependentTargetsInParallel = 1;
				LastSwiftUpdateCheck = 1410;
				LastUpgradeCheck = 1410;
				TargetAttributes = {
					4B4F5B4129253AAC00216787 = {
						CreatedOnToolsVersion = 14.1;
					};
				};
			};
			buildConfigurationList = 4B4F5B3D29253AAC00216787 /* Build configuration list for PBXProject "AR SYSTEM" */;
			compatibilityVersion = "Xcode 14.0";
			developmentRegion = en;
			hasScannedForEncodings = 0;
			knownRegions = (
				en,
				Base,
			);
			mainGroup = 4B4F5B3929253AAC00216787;
			productRefGroup = 4B4F5B4329253AAC00216787 /* Products */;
			projectDirPath = "";
			projectRoot = "";
			targets = (
				4B4F5B4129253AAC00216787 /* AR SYSTEM */,
			);
		};
/* End PBXProject section */

/* Begin PBXResourcesBuildPhase section */
		4B4F5B4029253AAC00216787 /* Resources */ = {
			isa = PBXResourcesBuildPhase;
			buildActionMask = 2147483647;
			files = (
				4BDD3DD0292CF321001735BA /* Lungs.scn in Resources */,
				4B5E88B5292E6B9E00E39BB2 /* Brain.scn in Resources */,
				4BDD3DC8292BCE1F001735BA /* Heart.scn in Resources */,
				4B4F5B4D29253AAC00216787 /* Preview Assets.xcassets in Resources */,
				4B4F5B4A29253AAC00216787 /* Assets.xcassets in Resources */,
			);
			runOnlyForDeploymentPostprocessing = 0;
		};
/* End PBXResourcesBuildPhase section */

/* Begin PBXSourcesBuildPhase section */
		4B4F5B3E29253AAC00216787 /* Sources */ = {
			isa = PBXSourcesBuildPhase;
			buildActionMask = 2147483647;
			files = (
				4BDD3DCC292CE8C3001735BA /* AR_View.swift in Sources */,
				4B4F5B4829253AAC00216787 /* ContentView.swift in Sources */,
				4B4F5B5C29259CB700216787 /* DetailView.swift in Sources */,
				4B4F5B5429253AD500216787 /* CardView.swift in Sources */,
				4B4F5B58292598CD00216787 /* PremiumView.swift in Sources */,
				4BD48E9C29268E6900A0971D /* CarouselView.swift in Sources */,
				4B4F5B5A2925998E00216787 /* SingleCardView.swift in Sources */,
				4BDD3DC6292BCD23001735BA /* CustomSceneView.swift in Sources */,
				4B68774529773495005A0D28 /* Model.swift in Sources */,
				4B68774329771F6C005A0D28 /* IpadCarouselView.swift in Sources */,
				4B4F5B4629253AAC00216787 /* AR_SYSTEMApp.swift in Sources */,
			);
			runOnlyForDeploymentPostprocessing = 0;
		};
/* End PBXSourcesBuildPhase section */

/* Begin XCBuildConfiguration section */
		4B4F5B4E29253AAC00216787 /* Debug */ = {
			isa = XCBuildConfiguration;
			buildSettings = {
				ALWAYS_SEARCH_USER_PATHS = NO;
				CLANG_ANALYZER_NONNULL = YES;
				CLANG_ANALYZER_NUMBER_OBJECT_CONVERSION = YES_AGGRESSIVE;
				CLANG_CXX_LANGUAGE_STANDARD = "gnu++20";
				CLANG_ENABLE_MODULES = YES;
				CLANG_ENABLE_OBJC_ARC = YES;
				CLANG_ENABLE_OBJC_WEAK = YES;
				CLANG_WARN_BLOCK_CAPTURE_AUTORELEASING = YES;
				CLANG_WARN_BOOL_CONVERSION = YES;
				CLANG_WARN_COMMA = YES;
				CLANG_WARN_CONSTANT_CONVERSION = YES;
				CLANG_WARN_DEPRECATED_OBJC_IMPLEMENTATIONS = YES;
				CLANG_WARN_DIRECT_OBJC_ISA_USAGE = YES_ERROR;
				CLANG_WARN_DOCUMENTATION_COMMENTS = YES;
				CLANG_WARN_EMPTY_BODY = YES;
				CLANG_WARN_ENUM_CONVERSION = YES;
				CLANG_WARN_INFINITE_RECURSION = YES;
				CLANG_WARN_INT_CONVERSION = YES;
				CLANG_WARN_NON_LITERAL_NULL_CONVERSION = YES;
				CLANG_WARN_OBJC_IMPLICIT_RETAIN_SELF = YES;
				CLANG_WARN_OBJC_LITERAL_CONVERSION = YES;
				CLANG_WARN_OBJC_ROOT_CLASS = YES_ERROR;
				CLANG_WARN_QUOTED_INCLUDE_IN_FRAMEWORK_HEADER = YES;
				CLANG_WARN_RANGE_LOOP_ANALYSIS = YES;
				CLANG_WARN_STRICT_PROTOTYPES = YES;
				CLANG_WARN_SUSPICIOUS_MOVE = YES;
				CLANG_WARN_UNGUARDED_AVAILABILITY = YES_AGGRESSIVE;
				CLANG_WARN_UNREACHABLE_CODE = YES;
				CLANG_WARN__DUPLICATE_METHOD_MATCH = YES;
				COPY_PHASE_STRIP = NO;
				DEBUG_INFORMATION_FORMAT = dwarf;
				ENABLE_STRICT_OBJC_MSGSEND = YES;
				ENABLE_TESTABILITY = YES;
				GCC_C_LANGUAGE_STANDARD = gnu11;
				GCC_DYNAMIC_NO_PIC = NO;
				GCC_NO_COMMON_BLOCKS = YES;
				GCC_OPTIMIZATION_LEVEL = 0;
				GCC_PREPROCESSOR_DEFINITIONS = (
					"DEBUG=1",
					"$(inherited)",
				);
				GCC_WARN_64_TO_32_BIT_CONVERSION = YES;
				GCC_WARN_ABOUT_RETURN_TYPE = YES_ERROR;
				GCC_WARN_UNDECLARED_SELECTOR = YES;
				GCC_WARN_UNINITIALIZED_AUTOS = YES_AGGRESSIVE;
				GCC_WARN_UNUSED_FUNCTION = YES;
				GCC_WARN_UNUSED_VARIABLE = YES;
				IPHONEOS_DEPLOYMENT_TARGET = 16.1;
				MTL_ENABLE_DEBUG_INFO = INCLUDE_SOURCE;
				MTL_FAST_MATH = YES;
				ONLY_ACTIVE_ARCH = YES;
				SDKROOT = iphoneos;
				SWIFT_ACTIVE_COMPILATION_CONDITIONS = DEBUG;
				SWIFT_OPTIMIZATION_LEVEL = "-Onone";
			};
			name = Debug;
		};
		4B4F5B4F29253AAC00216787 /* Release */ = {
			isa = XCBuildConfiguration;
			buildSettings = {
				ALWAYS_SEARCH_USER_PATHS = NO;
				CLANG_ANALYZER_NONNULL = YES;
				CLANG_ANALYZER_NUMBER_OBJECT_CONVERSION = YES_AGGRESSIVE;
				CLANG_CXX_LANGUAGE_STANDARD = "gnu++20";
				CLANG_ENABLE_MODULES = YES;
				CLANG_ENABLE_OBJC_ARC = YES;
				CLANG_ENABLE_OBJC_WEAK = YES;
				CLANG_WARN_BLOCK_CAPTURE_AUTORELEASING = YES;
				CLANG_WARN_BOOL_CONVERSION = YES;
				CLANG_WARN_COMMA = YES;
				CLANG_WARN_CONSTANT_CONVERSION = YES;
				CLANG_WARN_DEPRECATED_OBJC_IMPLEMENTATIONS = YES;
				CLANG_WARN_DIRECT_OBJC_ISA_USAGE = YES_ERROR;
				CLANG_WARN_DOCUMENTATION_COMMENTS = YES;
				CLANG_WARN_EMPTY_BODY = YES;
				CLANG_WARN_ENUM_CONVERSION = YES;
				CLANG_WARN_INFINITE_RECURSION = YES;
				CLANG_WARN_INT_CONVERSION = YES;
				CLANG_WARN_NON_LITERAL_NULL_CONVERSION = YES;
				CLANG_WARN_OBJC_IMPLICIT_RETAIN_SELF = YES;
				CLANG_WARN_OBJC_LITERAL_CONVERSION = YES;
				CLANG_WARN_OBJC_ROOT_CLASS = YES_ERROR;
				CLANG_WARN_QUOTED_INCLUDE_IN_FRAMEWORK_HEADER = YES;
				CLANG_WARN_RANGE_LOOP_ANALYSIS = YES;
				CLANG_WARN_STRICT_PROTOTYPES = YES;
				CLANG_WARN_SUSPICIOUS_MOVE = YES;
				CLANG_WARN_UNGUARDED_AVAILABILITY = YES_AGGRESSIVE;
				CLANG_WARN_UNREACHABLE_CODE = YES;
				CLANG_WARN__DUPLICATE_METHOD_MATCH = YES;
				COPY_PHASE_STRIP = NO;
				DEBUG_INFORMATION_FORMAT = "dwarf-with-dsym";
				ENABLE_NS_ASSERTIONS = NO;
				ENABLE_STRICT_OBJC_MSGSEND = YES;
				GCC_C_LANGUAGE_STANDARD = gnu11;
				GCC_NO_COMMON_BLOCKS = YES;
				GCC_WARN_64_TO_32_BIT_CONVERSION = YES;
				GCC_WARN_ABOUT_RETURN_TYPE = YES_ERROR;
				GCC_WARN_UNDECLARED_SELECTOR = YES;
				GCC_WARN_UNINITIALIZED_AUTOS = YES_AGGRESSIVE;
				GCC_WARN_UNUSED_FUNCTION = YES;
				GCC_WARN_UNUSED_VARIABLE = YES;
				IPHONEOS_DEPLOYMENT_TARGET = 16.1;
				MTL_ENABLE_DEBUG_INFO = NO;
				MTL_FAST_MATH = YES;
				SDKROOT = iphoneos;
				SWIFT_COMPILATION_MODE = wholemodule;
				SWIFT_OPTIMIZATION_LEVEL = "-O";
				VALIDATE_PRODUCT = YES;
			};
			name = Release;
		};
		4B4F5B5129253AAC00216787 /* Debug */ = {
			isa = XCBuildConfiguration;
			buildSettings = {
				ASSETCATALOG_COMPILER_APPICON_NAME = AppIcon;
				ASSETCATALOG_COMPILER_GLOBAL_ACCENT_COLOR_NAME = AccentColor;
				CODE_SIGN_STYLE = Automatic;
				CURRENT_PROJECT_VERSION = 1;
				DEVELOPMENT_ASSET_PATHS = "\"AR SYSTEM/Preview Content\"";
				DEVELOPMENT_TEAM = Y46CYM88ZX;
				ENABLE_PREVIEWS = YES;
				GENERATE_INFOPLIST_FILE = YES;
				INFOPLIST_KEY_NSCameraUsageDescription = "Fammi usare la camera please";
				INFOPLIST_KEY_UIApplicationSceneManifest_Generation = YES;
				INFOPLIST_KEY_UIApplicationSupportsIndirectInputEvents = YES;
				INFOPLIST_KEY_UILaunchScreen_Generation = YES;
				INFOPLIST_KEY_UISupportedInterfaceOrientations_iPad = "UIInterfaceOrientationPortrait UIInterfaceOrientationPortraitUpsideDown UIInterfaceOrientationLandscapeLeft UIInterfaceOrientationLandscapeRight";
				INFOPLIST_KEY_UISupportedInterfaceOrientations_iPhone = "UIInterfaceOrientationPortrait UIInterfaceOrientationLandscapeLeft UIInterfaceOrientationLandscapeRight";
				LD_RUNPATH_SEARCH_PATHS = (
					"$(inherited)",
					"@executable_path/Frameworks",
				);
				MARKETING_VERSION = 1.0;
				PRODUCT_BUNDLE_IDENTIFIER = "Maltob.AR-SYSTEM";
				PRODUCT_NAME = "$(TARGET_NAME)";
				SWIFT_EMIT_LOC_STRINGS = YES;
				SWIFT_VERSION = 5.0;
				TARGETED_DEVICE_FAMILY = "1,2";
			};
			name = Debug;
		};
		4B4F5B5229253AAC00216787 /* Release */ = {
			isa = XCBuildConfiguration;
			buildSettings = {
				ASSETCATALOG_COMPILER_APPICON_NAME = AppIcon;
				ASSETCATALOG_COMPILER_GLOBAL_ACCENT_COLOR_NAME = AccentColor;
				CODE_SIGN_STYLE = Automatic;
				CURRENT_PROJECT_VERSION = 1;
				DEVELOPMENT_ASSET_PATHS = "\"AR SYSTEM/Preview Content\"";
				DEVELOPMENT_TEAM = Y46CYM88ZX;
				ENABLE_PREVIEWS = YES;
				GENERATE_INFOPLIST_FILE = YES;
				INFOPLIST_KEY_NSCameraUsageDescription = "Fammi usare la camera please";
				INFOPLIST_KEY_UIApplicationSceneManifest_Generation = YES;
				INFOPLIST_KEY_UIApplicationSupportsIndirectInputEvents = YES;
				INFOPLIST_KEY_UILaunchScreen_Generation = YES;
				INFOPLIST_KEY_UISupportedInterfaceOrientations_iPad = "UIInterfaceOrientationPortrait UIInterfaceOrientationPortraitUpsideDown UIInterfaceOrientationLandscapeLeft UIInterfaceOrientationLandscapeRight";
				INFOPLIST_KEY_UISupportedInterfaceOrientations_iPhone = "UIInterfaceOrientationPortrait UIInterfaceOrientationLandscapeLeft UIInterfaceOrientationLandscapeRight";
				LD_RUNPATH_SEARCH_PATHS = (
					"$(inherited)",
					"@executable_path/Frameworks",
				);
				MARKETING_VERSION = 1.0;
				PRODUCT_BUNDLE_IDENTIFIER = "Maltob.AR-SYSTEM";
				PRODUCT_NAME = "$(TARGET_NAME)";
				SWIFT_EMIT_LOC_STRINGS = YES;
				SWIFT_VERSION = 5.0;
				TARGETED_DEVICE_FAMILY = "1,2";
			};
			name = Release;
		};
/* End XCBuildConfiguration section */

/* Begin XCConfigurationList section */
		4B4F5B3D29253AAC00216787 /* Build configuration list for PBXProject "AR SYSTEM" */ = {
			isa = XCConfigurationList;
			buildConfigurations = (
				4B4F5B4E29253AAC00216787 /* Debug */,
				4B4F5B4F29253AAC00216787 /* Release */,
			);
			defaultConfigurationIsVisible = 0;
			defaultConfigurationName = Release;
		};
		4B4F5B5029253AAC00216787 /* Build configuration list for PBXNativeTarget "AR SYSTEM" */ = {
			isa = XCConfigurationList;
			buildConfigurations = (
				4B4F5B5129253AAC00216787 /* Debug */,
				4B4F5B5229253AAC00216787 /* Release */,
			);
			defaultConfigurationIsVisible = 0;
			defaultConfigurationName = Release;
		};
/* End XCConfigurationList section */
	};
	rootObject = 4B4F5B3A29253AAC00216787 /* Project object */;
}
